
Microsoft Visual Studio Solution File, Format Version 12.00
# Visual Studio Version 16
VisualStudioVersion = 16.0.32413.511
MinimumVisualStudioVersion = 10.0.40219.1
Project("{FAE04EC0-301F-11D3-BF4B-00C04F79EFBC}") = "PaymentTransaction", "PaymentTransaction\PaymentTransaction.csproj", "{8DEE10E6-B7AD-4A31-8A17-4D5DEBC634B6}"
EndProject
Project("{FAE04EC0-301F-11D3-BF4B-00C04F79EFBC}") = "PaymentTransaction.BusinessLogic", "PaymentTransaction.BusinessLogic\PaymentTransaction.BusinessLogic.csproj", "{0E74AB9D-3640-40AA-B01B-1C8CF42FA44B}"
EndProject
Global
	GlobalSection(SolutionConfigurationPlatforms) = preSolution
		Debug|Any CPU = Debug|Any CPU
		Release|Any CPU = Release|Any CPU
	EndGlobalSection
	GlobalSection(ProjectConfigurationPlatforms) = postSolution
		{8DEE10E6-B7AD-4A31-8A17-4D5DEBC634B6}.Debug|Any CPU.ActiveCfg = Debug|Any CPU
		{8DEE10E6-B7AD-4A31-8A17-4D5DEBC634B6}.Debug|Any CPU.Build.0 = Debug|Any CPU
		{8DEE10E6-B7AD-4A31-8A17-4D5DEBC634B6}.Release|Any CPU.ActiveCfg = Release|Any CPU
		{8DEE10E6-B7AD-4A31-8A17-4D5DEBC634B6}.Release|Any CPU.Build.0 = Release|Any CPU
		{0E74AB9D-3640-40AA-B01B-1C8CF42FA44B}.Debug|Any CPU.ActiveCfg = Debug|Any CPU
		{0E74AB9D-3640-40AA-B01B-1C8CF42FA44B}.Debug|Any CPU.Build.0 = Debug|Any CPU
		{0E74AB9D-3640-40AA-B01B-1C8CF42FA44B}.Release|Any CPU.ActiveCfg = Release|Any CPU
		{0E74AB9D-3640-40AA-B01B-1C8CF42FA44B}.Release|Any CPU.Build.0 = Release|Any CPU
	EndGlobalSection
	GlobalSection(SolutionProperties) = preSolution
		HideSolutionNode = FALSE
	EndGlobalSection
	GlobalSection(ExtensibilityGlobals) = postSolution
		SolutionGuid = {738430EE-4627-4B05-A0F2-BD66D3F3BF74}
	EndGlobalSection
EndGlobal
